
Microsoft Visual Studio Solution File, Format Version 12.00
# Visual Studio Version 17
VisualStudioVersion = 17.11.35327.3
MinimumVisualStudioVersion = 10.0.40219.1
Project("{9A19103F-16F7-4668-BE54-9A1E7A4F7556}") = "BarbezDotEu.Domain", "BarbezDotEu.Domain\BarbezDotEu.Domain.csproj", "{3F9963B0-46CB-42ED-BDB2-7AB8CDC37043}"
EndProject
Project("{2150E333-8FDC-42A3-9474-1A3956D46DE8}") = "Solution Items", "Solution Items", "{F0969E87-D764-40D5-A92F-FC2F842EC024}"
	ProjectSection(SolutionItems) = preProject
		.editorconfig = .editorconfig
	EndProjectSection
EndProject
Global
	GlobalSection(SolutionConfigurationPlatforms) = preSolution
		Debug|Any CPU = Debug|Any CPU
		Release|Any CPU = Release|Any CPU
	EndGlobalSection
	GlobalSection(ProjectConfigurationPlatforms) = postSolution
		{3F9963B0-46CB-42ED-BDB2-7AB8CDC37043}.Debug|Any CPU.ActiveCfg = Debug|Any CPU
		{3F9963B0-46CB-42ED-BDB2-7AB8CDC37043}.Debug|Any CPU.Build.0 = Debug|Any CPU
		{3F9963B0-46CB-42ED-BDB2-7AB8CDC37043}.Release|Any CPU.ActiveCfg = Release|Any CPU
		{3F9963B0-46CB-42ED-BDB2-7AB8CDC37043}.Release|Any CPU.Build.0 = Release|Any CPU
	EndGlobalSection
	GlobalSection(SolutionProperties) = preSolution
		HideSolutionNode = FALSE
	EndGlobalSection
	GlobalSection(ExtensibilityGlobals) = postSolution
		SolutionGuid = {54AC53E6-A59D-4FD2-9FC6-80760222FFDB}
	EndGlobalSection
EndGlobal
